
Microsoft Visual Studio Solution File, Format Version 12.00
# Visual Studio Version 16
VisualStudioVersion = 16.0.30621.155
MinimumVisualStudioVersion = 10.0.40219.1
Project("{9A19103F-16F7-4668-BE54-9A1E7A4F7556}") = "eShopSolution.WebApp", "eShopSolution.WebApp\eShopSolution.WebApp.csproj", "{7A2D6734-87BD-427D-B112-9888A90FD78B}"
EndProject
Project("{2150E333-8FDC-42A3-9474-1A3956D46DE8}") = "0.Solution Items", "0.Solution Items", "{75CDDD9C-CCF9-44B0-A5B4-B55380EA7A86}"
	ProjectSection(SolutionItems) = preProject
		README.md = README.md
	EndProjectSection
EndProject
Project("{9A19103F-16F7-4668-BE54-9A1E7A4F7556}") = "eShopSolution.Data", "eShopSolution.Data\eShopSolution.Data.csproj", "{BFD3DDEF-6A2D-447E-8C90-02E1DE4C9EEA}"
EndProject
Project("{9A19103F-16F7-4668-BE54-9A1E7A4F7556}") = "eShopSolution.Application", "eShopSolution.Application\eShopSolution.Application.csproj", "{C2F8EA6F-EA84-4D08-A1C4-951512194BE6}"
EndProject
Project("{9A19103F-16F7-4668-BE54-9A1E7A4F7556}") = "eShopSolution.Utilities", "eShopSolution.Utilities\eShopSolution.Utilities.csproj", "{D6E37141-34D9-4151-8DE4-ACFC4709F4D0}"
EndProject
Project("{9A19103F-16F7-4668-BE54-9A1E7A4F7556}") = "eShopSolution.ViewModels", "eShopSolution.ViewModels\eShopSolution.ViewModels.csproj", "{591F5230-31EB-47CC-8441-7B1BFD6316C1}"
EndProject
Project("{9A19103F-16F7-4668-BE54-9A1E7A4F7556}") = "eShopSolution.BackendApi", "eShopSolution.BackendApi\eShopSolution.BackendApi.csproj", "{0394664A-443C-428F-91F0-CCD9E05D0344}"
EndProject
Project("{2150E333-8FDC-42A3-9474-1A3956D46DE8}") = "1.Infrastructure", "1.Infrastructure", "{8EA101E4-E386-49F8-B1EC-D6FF7BF186F9}"
EndProject
Project("{2150E333-8FDC-42A3-9474-1A3956D46DE8}") = "2.Domain", "2.Domain", "{D9328E0A-EEB0-4025-AF5E-45C473B9A91B}"
EndProject
Project("{2150E333-8FDC-42A3-9474-1A3956D46DE8}") = "Hosts", "Hosts", "{CC314D56-8C20-475C-B3F8-C7A1A83F904D}"
EndProject
Project("{FAE04EC0-301F-11D3-BF4B-00C04F79EFBC}") = "eShopSolution.AdminApp", "eShopSolution.AdminApp\eShopSolution.AdminApp.csproj", "{C7BBDDD8-93CD-4D81-B055-D334F53DE263}"
EndProject
Global
	GlobalSection(SolutionConfigurationPlatforms) = preSolution
		Debug|Any CPU = Debug|Any CPU
		Release|Any CPU = Release|Any CPU
	EndGlobalSection
	GlobalSection(ProjectConfigurationPlatforms) = postSolution
		{7A2D6734-87BD-427D-B112-9888A90FD78B}.Debug|Any CPU.ActiveCfg = Debug|Any CPU
		{7A2D6734-87BD-427D-B112-9888A90FD78B}.Debug|Any CPU.Build.0 = Debug|Any CPU
		{7A2D6734-87BD-427D-B112-9888A90FD78B}.Release|Any CPU.ActiveCfg = Release|Any CPU
		{7A2D6734-87BD-427D-B112-9888A90FD78B}.Release|Any CPU.Build.0 = Release|Any CPU
		{BFD3DDEF-6A2D-447E-8C90-02E1DE4C9EEA}.Debug|Any CPU.ActiveCfg = Debug|Any CPU
		{BFD3DDEF-6A2D-447E-8C90-02E1DE4C9EEA}.Debug|Any CPU.Build.0 = Debug|Any CPU
		{BFD3DDEF-6A2D-447E-8C90-02E1DE4C9EEA}.Release|Any CPU.ActiveCfg = Release|Any CPU
		{BFD3DDEF-6A2D-447E-8C90-02E1DE4C9EEA}.Release|Any CPU.Build.0 = Release|Any CPU
		{C2F8EA6F-EA84-4D08-A1C4-951512194BE6}.Debug|Any CPU.ActiveCfg = Debug|Any CPU
		{C2F8EA6F-EA84-4D08-A1C4-951512194BE6}.Debug|Any CPU.Build.0 = Debug|Any CPU
		{C2F8EA6F-EA84-4D08-A1C4-951512194BE6}.Release|Any CPU.ActiveCfg = Release|Any CPU
		{C2F8EA6F-EA84-4D08-A1C4-951512194BE6}.Release|Any CPU.Build.0 = Release|Any CPU
		{D6E37141-34D9-4151-8DE4-ACFC4709F4D0}.Debug|Any CPU.ActiveCfg = Debug|Any CPU
		{D6E37141-34D9-4151-8DE4-ACFC4709F4D0}.Debug|Any CPU.Build.0 = Debug|Any CPU
		{D6E37141-34D9-4151-8DE4-ACFC4709F4D0}.Release|Any CPU.ActiveCfg = Release|Any CPU
		{D6E37141-34D9-4151-8DE4-ACFC4709F4D0}.Release|Any CPU.Build.0 = Release|Any CPU
		{591F5230-31EB-47CC-8441-7B1BFD6316C1}.Debug|Any CPU.ActiveCfg = Debug|Any CPU
		{591F5230-31EB-47CC-8441-7B1BFD6316C1}.Debug|Any CPU.Build.0 = Debug|Any CPU
		{591F5230-31EB-47CC-8441-7B1BFD6316C1}.Release|Any CPU.ActiveCfg = Release|Any CPU
		{591F5230-31EB-47CC-8441-7B1BFD6316C1}.Release|Any CPU.Build.0 = Release|Any CPU
		{0394664A-443C-428F-91F0-CCD9E05D0344}.Debug|Any CPU.ActiveCfg = Debug|Any CPU
		{0394664A-443C-428F-91F0-CCD9E05D0344}.Debug|Any CPU.Build.0 = Debug|Any CPU
		{0394664A-443C-428F-91F0-CCD9E05D0344}.Release|Any CPU.ActiveCfg = Release|Any CPU
		{0394664A-443C-428F-91F0-CCD9E05D0344}.Release|Any CPU.Build.0 = Release|Any CPU
		{C7BBDDD8-93CD-4D81-B055-D334F53DE263}.Debug|Any CPU.ActiveCfg = Debug|Any CPU
		{C7BBDDD8-93CD-4D81-B055-D334F53DE263}.Debug|Any CPU.Build.0 = Debug|Any CPU
		{C7BBDDD8-93CD-4D81-B055-D334F53DE263}.Release|Any CPU.ActiveCfg = Release|Any CPU
		{C7BBDDD8-93CD-4D81-B055-D334F53DE263}.Release|Any CPU.Build.0 = Release|Any CPU
	EndGlobalSection
	GlobalSection(SolutionProperties) = preSolution
		HideSolutionNode = FALSE
	EndGlobalSection
	GlobalSection(NestedProjects) = preSolution
		{7A2D6734-87BD-427D-B112-9888A90FD78B} = {CC314D56-8C20-475C-B3F8-C7A1A83F904D}
		{BFD3DDEF-6A2D-447E-8C90-02E1DE4C9EEA} = {D9328E0A-EEB0-4025-AF5E-45C473B9A91B}
		{C2F8EA6F-EA84-4D08-A1C4-951512194BE6} = {D9328E0A-EEB0-4025-AF5E-45C473B9A91B}
		{D6E37141-34D9-4151-8DE4-ACFC4709F4D0} = {8EA101E4-E386-49F8-B1EC-D6FF7BF186F9}
		{591F5230-31EB-47CC-8441-7B1BFD6316C1} = {8EA101E4-E386-49F8-B1EC-D6FF7BF186F9}
		{0394664A-443C-428F-91F0-CCD9E05D0344} = {CC314D56-8C20-475C-B3F8-C7A1A83F904D}
		{C7BBDDD8-93CD-4D81-B055-D334F53DE263} = {CC314D56-8C20-475C-B3F8-C7A1A83F904D}
	EndGlobalSection
	GlobalSection(ExtensibilityGlobals) = postSolution
		SolutionGuid = {3FF0CBF5-3145-430C-AFE1-9F66746EC171}
	EndGlobalSection
EndGlobal
